
Microsoft Visual Studio Solution File, Format Version 12.00
# Visual Studio Version 16
VisualStudioVersion = 16.0.32228.343
MinimumVisualStudioVersion = 10.0.40219.1
Project("{FAE04EC0-301F-11D3-BF4B-00C04F79EFBC}") = "Task III", "Task III\Task III.csproj", "{35CB4F88-10DB-4A1D-BF00-FC4F71B511DE}"
EndProject
Global
	GlobalSection(SolutionConfigurationPlatforms) = preSolution
		Debug|Any CPU = Debug|Any CPU
		Release|Any CPU = Release|Any CPU
	EndGlobalSection
	GlobalSection(ProjectConfigurationPlatforms) = postSolution
		{35CB4F88-10DB-4A1D-BF00-FC4F71B511DE}.Debug|Any CPU.ActiveCfg = Debug|Any CPU
		{35CB4F88-10DB-4A1D-BF00-FC4F71B511DE}.Debug|Any CPU.Build.0 = Debug|Any CPU
		{35CB4F88-10DB-4A1D-BF00-FC4F71B511DE}.Release|Any CPU.ActiveCfg = Release|Any CPU
		{35CB4F88-10DB-4A1D-BF00-FC4F71B511DE}.Release|Any CPU.Build.0 = Release|Any CPU
	EndGlobalSection
	GlobalSection(SolutionProperties) = preSolution
		HideSolutionNode = FALSE
	EndGlobalSection
	GlobalSection(ExtensibilityGlobals) = postSolution
		SolutionGuid = {5417DEEA-F228-45C6-8BF0-9ABB9B53E99D}
	EndGlobalSection
EndGlobal
